// !$*UTF8*$!
{
	archiveVersion = 1;
	classes = {
	};
	objectVersion = 77;
	objects = {

/* Begin PBXBuildFile section */
		BC10000C2FFE000000000001 /* GRDB in Frameworks */ = {isa = PBXBuildFile; productRef = BC10000D2FFE000000000001 /* GRDB */; };
		BC1001012FFE000000000001 /* ShelvCore/Models/Album.swift in Sources */ = {isa = PBXBuildFile; fileRef = BC1001112FFE000000000001 /* ShelvCore/Models/Album.swift */; };
		BC1001022FFE000000000001 /* ShelvCore/Models/Artist.swift in Sources */ = {isa = PBXBuildFile; fileRef = BC1001122FFE000000000001 /* ShelvCore/Models/Artist.swift */; };
		BC1001032FFE000000000001 /* ShelvCore/Models/Song.swift in Sources */ = {isa = PBXBuildFile; fileRef = BC1001132FFE000000000001 /* ShelvCore/Models/Song.swift */; };
		BC1001042FFE000000000001 /* ShelvCore/Models/FlexibleDate.swift in Sources */ = {isa = PBXBuildFile; fileRef = BC1001142FFE000000000001 /* ShelvCore/Models/FlexibleDate.swift */; };
		BC1001052FFE000000000001 /* ShelvCore/Models/RepeatMode.swift in Sources */ = {isa = PBXBuildFile; fileRef = BC1001152FFE000000000001 /* ShelvCore/Models/RepeatMode.swift */; };
		BC1001062FFE000000000001 /* ShelvCore/Models/QueueSnapshot.swift in Sources */ = {isa = PBXBuildFile; fileRef = BC1001162FFE000000000001 /* ShelvCore/Models/QueueSnapshot.swift */; };
		BC1001072FFE000000000001 /* ShelvCore/Services/AudioPlayerQueueState.swift in Sources */ = {isa = PBXBuildFile; fileRef = BC1001172FFE000000000001 /* ShelvCore/Services/AudioPlayerQueueState.swift */; };
		BC1001082FFE000000000001 /* ShelvCore/Services/TranscodingPolicy.swift in Sources */ = {isa = PBXBuildFile; fileRef = BC1001182FFE000000000001 /* ShelvCore/Services/TranscodingPolicy.swift */; };
		BC1001092FFE000000000001 /* ShelvCore/Services/NetworkStatus.swift in Sources */ = {isa = PBXBuildFile; fileRef = BC1001192FFE000000000001 /* ShelvCore/Services/NetworkStatus.swift */; };
		BC10010A2FFE000000000001 /* ShelvCore/Services/URL+QueryParam.swift in Sources */ = {isa = PBXBuildFile; fileRef = BC10011A2FFE000000000001 /* ShelvCore/Services/URL+QueryParam.swift */; };
		BC10010B2FFE000000000001 /* ShelvCore/Utilities/PathSafe.swift in Sources */ = {isa = PBXBuildFile; fileRef = BC10011B2FFE000000000001 /* ShelvCore/Utilities/PathSafe.swift */; };
		BC10010E2FFE000000000001 /* ShelvCore/Services/LibraryDatabase.swift in Sources */ = {isa = PBXBuildFile; fileRef = BC10011E2FFE000000000001 /* ShelvCore/Services/LibraryDatabase.swift */; };
		BC10010F2FFE000000000001 /* ShelvCore/Services/LibraryRepository.swift in Sources */ = {isa = PBXBuildFile; fileRef = BC10011F2FFE000000000001 /* ShelvCore/Services/LibraryRepository.swift */; };
		BC1001212FFE000000000001 /* ShelvCore/Support/PersonalizationSettings.swift in Sources */ = {isa = PBXBuildFile; fileRef = BC1001202FFE000000000001 /* ShelvCore/Support/PersonalizationSettings.swift */; };
		BC1001222FFE000000000001 /* ShelvCore/Models/RadioStation.swift in Sources */ = {isa = PBXBuildFile; fileRef = BC1001232FFE000000000001 /* ShelvCore/Models/RadioStation.swift */; };
		BC1001242FFE000000000001 /* ShelvCore/Services/InstantMixQueueBuilder.swift in Sources */ = {isa = PBXBuildFile; fileRef = BC1001252FFE000000000001 /* ShelvCore/Services/InstantMixQueueBuilder.swift */; };
		BC1001262FFE000000000001 /* ShelvCore/Models/SubsonicServer.swift in Sources */ = {isa = PBXBuildFile; fileRef = BC1001272FFE000000000001 /* ShelvCore/Models/SubsonicServer.swift */; };
		BC1001282FFE000000000001 /* ShelvCore/Services/OfflineServerErrorPresentationPolicy.swift in Sources */ = {isa = PBXBuildFile; fileRef = BC1001292FFE000000000001 /* ShelvCore/Services/OfflineServerErrorPresentationPolicy.swift */; };
		BC10012A2FFE000000000001 /* ShelvCore/Services/ConnectivityDebugLog.swift in Sources */ = {isa = PBXBuildFile; fileRef = BC10012B2FFE000000000001 /* ShelvCore/Services/ConnectivityDebugLog.swift */; };
		BC10012C2FFE000000000001 /* ShelvCore/Models/DownloadModels.swift in Sources */ = {isa = PBXBuildFile; fileRef = BC10012D2FFE000000000001 /* ShelvCore/Models/DownloadModels.swift */; };
		BC10012E2FFE000000000001 /* ShelvCore/Services/DownloadDatabase.swift in Sources */ = {isa = PBXBuildFile; fileRef = BC10012F2FFE000000000001 /* ShelvCore/Services/DownloadDatabase.swift */; };
		BC1001302FFE000000000001 /* ShelvCore/Services/DBErrorLog.swift in Sources */ = {isa = PBXBuildFile; fileRef = BC1001312FFE000000000001 /* ShelvCore/Services/DBErrorLog.swift */; };
		BC1001322FFE000000000001 /* ShelvCore/Services/DownloadPayloadValidator.swift in Sources */ = {isa = PBXBuildFile; fileRef = BC1001332FFE000000000001 /* ShelvCore/Services/DownloadPayloadValidator.swift */; };
		BC1001342FFE000000000001 /* ShelvCore/Services/PlayLogService.swift in Sources */ = {isa = PBXBuildFile; fileRef = BC1001352FFE000000000001 /* ShelvCore/Services/PlayLogService.swift */; };
		BC1001362FFE000000000001 /* ShelvCore/Services/RecapSyncLogic.swift in Sources */ = {isa = PBXBuildFile; fileRef = BC1001372FFE000000000001 /* ShelvCore/Services/RecapSyncLogic.swift */; };
		BC1001382FFE000000000001 /* ShelvCore/Services/ScrobbleDeliveryCoordinator.swift in Sources */ = {isa = PBXBuildFile; fileRef = BC1001392FFE000000000001 /* ShelvCore/Services/ScrobbleDeliveryCoordinator.swift */; };
		BC10013A2FFE000000000001 /* ShelvCore/Utilities/ShelvIntentSearchVocabulary.swift in Sources */ = {isa = PBXBuildFile; fileRef = BC10013B2FFE000000000001 /* ShelvCore/Utilities/ShelvIntentSearchVocabulary.swift */; };
		BC10013C2FFE000000000001 /* ShelvCore/Models/ShortcutPlaybackModels.swift in Sources */ = {isa = PBXBuildFile; fileRef = BC10013D2FFE000000000001 /* ShelvCore/Models/ShortcutPlaybackModels.swift */; };
		BC10013E2FFE000000000001 /* ShelvCore/Services/PlaybackContentResolver.swift in Sources */ = {isa = PBXBuildFile; fileRef = BC10013F2FFE000000000001 /* ShelvCore/Services/PlaybackContentResolver.swift */; };
		BC1001402FFE000000000001 /* ShelvCore/Services/ArtworkLoadRequestTracker.swift in Sources */ = {isa = PBXBuildFile; fileRef = BC1001412FFE000000000001 /* ShelvCore/Services/ArtworkLoadRequestTracker.swift */; };
		BC1001422FFE000000000001 /* ShelvCore/Services/AudioPlayerStreamCacheJob.swift in Sources */ = {isa = PBXBuildFile; fileRef = BC1001432FFE000000000001 /* ShelvCore/Services/AudioPlayerStreamCacheJob.swift */; };
		BC1001442FFE000000000001 /* ShelvCore/Services/KeychainService.swift in Sources */ = {isa = PBXBuildFile; fileRef = BC1001452FFE000000000001 /* ShelvCore/Services/KeychainService.swift */; };
		BC1001462FFE000000000001 /* ShelvCore/Models/Playlist.swift in Sources */ = {isa = PBXBuildFile; fileRef = BC1001482FFE000000000001 /* ShelvCore/Models/Playlist.swift */; };
		BC1001472FFE000000000001 /* ShelvCore/Models/PlaylistHierarchy.swift in Sources */ = {isa = PBXBuildFile; fileRef = BC1001492FFE000000000001 /* ShelvCore/Models/PlaylistHierarchy.swift */; };
		BC10014A2FFE000000000001 /* ShelvCore/Services/BackgroundWorkCoordinator.swift in Sources */ = {isa = PBXBuildFile; fileRef = BC10014B2FFE000000000001 /* ShelvCore/Services/BackgroundWorkCoordinator.swift */; };
		BC10014C2FFE000000000001 /* ShelvCore/Stores/DownloadUIStateHub.swift in Sources */ = {isa = PBXBuildFile; fileRef = BC10014D2FFE000000000001 /* ShelvCore/Stores/DownloadUIStateHub.swift */; };
		BC10014E2FFE000000000001 /* ShelvCore/Services/DownloadProgressCoalescer.swift in Sources */ = {isa = PBXBuildFile; fileRef = BC10014F2FFE000000000001 /* ShelvCore/Services/DownloadProgressCoalescer.swift */; };
		BC1001502FFE000000000001 /* ShelvCore/Services/SubsonicResponseCompatibility.swift in Sources */ = {isa = PBXBuildFile; fileRef = BC1001512FFE000000000001 /* ShelvCore/Services/SubsonicResponseCompatibility.swift */; };
		BC1001522FFE000000000001 /* ShelvCore/Stores/SearchHistoryStore.swift in Sources */ = {isa = PBXBuildFile; fileRef = BC1001532FFE000000000001 /* ShelvCore/Stores/SearchHistoryStore.swift */; };
		BC1001542FFE000000000001 /* ShelvCore/Support/AlphabetIndexSelection.swift in Sources */ = {isa = PBXBuildFile; fileRef = BC1001552FFE000000000001 /* ShelvCore/Support/AlphabetIndexSelection.swift */; };
		BC1867E52F91A088006D96E2 /* GRDB in Frameworks */ = {isa = PBXBuildFile; productRef = BC1867E42F91A088006D96E2 /* GRDB */; };
		BC51161D2FDC8A850011CDE9 /* GRDB in Frameworks */ = {isa = PBXBuildFile; productRef = BC51161C2FDC8A850011CDE9 /* GRDB */; };
		BC5A00012FFF000000000001 /* Shelv TV Siri Extension.appex in Embed App Extensions */ = {isa = PBXBuildFile; fileRef = BC5A00032FFF000000000001 /* Shelv TV Siri Extension.appex */; settings = {ATTRIBUTES = (RemoveHeadersOnCopy, ); }; };
		BC7B84A72FDB17F90058CB78 /* GRDB in Frameworks */ = {isa = PBXBuildFile; productRef = BC7B84A62FDB17F90058CB78 /* GRDB */; };
/* End PBXBuildFile section */

/* Begin PBXContainerItemProxy section */
		BC20000A2FFE000000000001 /* PBXContainerItemProxy */ = {
			isa = PBXContainerItemProxy;
			containerPortal = BC9C59302F8E9FB000FF4D25 /* Project object */;
			proxyType = 1;
			remoteGlobalIDString = BC9C59372F8E9FB000FF4D25;
			remoteInfo = Shelv;
		};
		BC5A00162FFF000000000001 /* PBXContainerItemProxy */ = {
			isa = PBXContainerItemProxy;
			containerPortal = BC9C59302F8E9FB000FF4D25 /* Project object */;
			proxyType = 1;
			remoteGlobalIDString = BC5A00102FFF000000000001;
			remoteInfo = "Shelv TV Siri Extension";
		};
/* End PBXContainerItemProxy section */

/* Begin PBXCopyFilesBuildPhase section */
		BC5A00142FFF000000000001 /* Embed App Extensions */ = {
			isa = PBXCopyFilesBuildPhase;
			buildActionMask = 2147483647;
			dstPath = "";
			dstSubfolderSpec = 13;
			files = (
				BC5A00012FFF000000000001 /* Shelv TV Siri Extension.appex in Embed App Extensions */,
			);
			name = "Embed App Extensions";
			runOnlyForDeploymentPostprocessing = 0;
		};
/* End PBXCopyFilesBuildPhase section */

/* Begin PBXFileReference section */
		BC1000012FFE000000000001 /* ShelvTests.xctest */ = {isa = PBXFileReference; explicitFileType = wrapper.cfbundle; includeInIndex = 0; path = ShelvTests.xctest; sourceTree = BUILT_PRODUCTS_DIR; };
		BC1001112FFE000000000001 /* ShelvCore/Models/Album.swift */ = {isa = PBXFileReference; lastKnownFileType = sourcecode.swift; path = ShelvCore/Models/Album.swift; sourceTree = "<group>"; };
		BC1001122FFE000000000001 /* ShelvCore/Models/Artist.swift */ = {isa = PBXFileReference; lastKnownFileType = sourcecode.swift; path = ShelvCore/Models/Artist.swift; sourceTree = "<group>"; };
		BC1001132FFE000000000001 /* ShelvCore/Models/Song.swift */ = {isa = PBXFileReference; lastKnownFileType = sourcecode.swift; path = ShelvCore/Models/Song.swift; sourceTree = "<group>"; };
		BC1001142FFE000000000001 /* ShelvCore/Models/FlexibleDate.swift */ = {isa = PBXFileReference; lastKnownFileType = sourcecode.swift; path = ShelvCore/Models/FlexibleDate.swift; sourceTree = "<group>"; };
		BC1001152FFE000000000001 /* ShelvCore/Models/RepeatMode.swift */ = {isa = PBXFileReference; lastKnownFileType = sourcecode.swift; path = ShelvCore/Models/RepeatMode.swift; sourceTree = "<group>"; };
		BC1001162FFE000000000001 /* ShelvCore/Models/QueueSnapshot.swift */ = {isa = PBXFileReference; lastKnownFileType = sourcecode.swift; path = ShelvCore/Models/QueueSnapshot.swift; sourceTree = "<group>"; };
		BC1001172FFE000000000001 /* ShelvCore/Services/AudioPlayerQueueState.swift */ = {isa = PBXFileReference; lastKnownFileType = sourcecode.swift; path = ShelvCore/Services/AudioPlayerQueueState.swift; sourceTree = "<group>"; };
		BC1001182FFE000000000001 /* ShelvCore/Services/TranscodingPolicy.swift */ = {isa = PBXFileReference; lastKnownFileType = sourcecode.swift; path = ShelvCore/Services/TranscodingPolicy.swift; sourceTree = "<group>"; };
		BC1001192FFE000000000001 /* ShelvCore/Services/NetworkStatus.swift */ = {isa = PBXFileReference; lastKnownFileType = sourcecode.swift; path = ShelvCore/Services/NetworkStatus.swift; sourceTree = "<group>"; };
		BC10011A2FFE000000000001 /* ShelvCore/Services/URL+QueryParam.swift */ = {isa = PBXFileReference; lastKnownFileType = sourcecode.swift; path = "ShelvCore/Services/URL+QueryParam.swift"; sourceTree = "<group>"; };
		BC10011B2FFE000000000001 /* ShelvCore/Utilities/PathSafe.swift */ = {isa = PBXFileReference; lastKnownFileType = sourcecode.swift; path = ShelvCore/Utilities/PathSafe.swift; sourceTree = "<group>"; };
		BC10011E2FFE000000000001 /* ShelvCore/Services/LibraryDatabase.swift */ = {isa = PBXFileReference; lastKnownFileType = sourcecode.swift; path = ShelvCore/Services/LibraryDatabase.swift; sourceTree = "<group>"; };
		BC10011F2FFE000000000001 /* ShelvCore/Services/LibraryRepository.swift */ = {isa = PBXFileReference; lastKnownFileType = sourcecode.swift; path = ShelvCore/Services/LibraryRepository.swift; sourceTree = "<group>"; };
		BC1001202FFE000000000001 /* ShelvCore/Support/PersonalizationSettings.swift */ = {isa = PBXFileReference; lastKnownFileType = sourcecode.swift; path = ShelvCore/Support/PersonalizationSettings.swift; sourceTree = "<group>"; };
		BC1001232FFE000000000001 /* ShelvCore/Models/RadioStation.swift */ = {isa = PBXFileReference; lastKnownFileType = sourcecode.swift; path = ShelvCore/Models/RadioStation.swift; sourceTree = "<group>"; };
		BC1001252FFE000000000001 /* ShelvCore/Services/InstantMixQueueBuilder.swift */ = {isa = PBXFileReference; lastKnownFileType = sourcecode.swift; path = ShelvCore/Services/InstantMixQueueBuilder.swift; sourceTree = "<group>"; };
		BC1001272FFE000000000001 /* ShelvCore/Models/SubsonicServer.swift */ = {isa = PBXFileReference; lastKnownFileType = sourcecode.swift; path = ShelvCore/Models/SubsonicServer.swift; sourceTree = "<group>"; };
		BC1001292FFE000000000001 /* ShelvCore/Services/OfflineServerErrorPresentationPolicy.swift */ = {isa = PBXFileReference; lastKnownFileType = sourcecode.swift; path = ShelvCore/Services/OfflineServerErrorPresentationPolicy.swift; sourceTree = "<group>"; };
		BC10012B2FFE000000000001 /* ShelvCore/Services/ConnectivityDebugLog.swift */ = {isa = PBXFileReference; lastKnownFileType = sourcecode.swift; path = ShelvCore/Services/ConnectivityDebugLog.swift; sourceTree = "<group>"; };
		BC10012D2FFE000000000001 /* ShelvCore/Models/DownloadModels.swift */ = {isa = PBXFileReference; lastKnownFileType = sourcecode.swift; path = ShelvCore/Models/DownloadModels.swift; sourceTree = "<group>"; };
		BC10012F2FFE000000000001 /* ShelvCore/Services/DownloadDatabase.swift */ = {isa = PBXFileReference; lastKnownFileType = sourcecode.swift; path = ShelvCore/Services/DownloadDatabase.swift; sourceTree = "<group>"; };
		BC1001312FFE000000000001 /* ShelvCore/Services/DBErrorLog.swift */ = {isa = PBXFileReference; lastKnownFileType = sourcecode.swift; path = ShelvCore/Services/DBErrorLog.swift; sourceTree = "<group>"; };
		BC1001332FFE000000000001 /* ShelvCore/Services/DownloadPayloadValidator.swift */ = {isa = PBXFileReference; lastKnownFileType = sourcecode.swift; path = ShelvCore/Services/DownloadPayloadValidator.swift; sourceTree = "<group>"; };
		BC1001352FFE000000000001 /* ShelvCore/Services/PlayLogService.swift */ = {isa = PBXFileReference; lastKnownFileType = sourcecode.swift; path = ShelvCore/Services/PlayLogService.swift; sourceTree = "<group>"; };
		BC1001372FFE000000000001 /* ShelvCore/Services/RecapSyncLogic.swift */ = {isa = PBXFileReference; lastKnownFileType = sourcecode.swift; path = ShelvCore/Services/RecapSyncLogic.swift; sourceTree = "<group>"; };
		BC1001392FFE000000000001 /* ShelvCore/Services/ScrobbleDeliveryCoordinator.swift */ = {isa = PBXFileReference; lastKnownFileType = sourcecode.swift; path = ShelvCore/Services/ScrobbleDeliveryCoordinator.swift; sourceTree = "<group>"; };
		BC10013B2FFE000000000001 /* ShelvCore/Utilities/ShelvIntentSearchVocabulary.swift */ = {isa = PBXFileReference; lastKnownFileType = sourcecode.swift; path = ShelvCore/Utilities/ShelvIntentSearchVocabulary.swift; sourceTree = "<group>"; };
		BC10013D2FFE000000000001 /* ShelvCore/Models/ShortcutPlaybackModels.swift */ = {isa = PBXFileReference; lastKnownFileType = sourcecode.swift; path = ShelvCore/Models/ShortcutPlaybackModels.swift; sourceTree = "<group>"; };
		BC10013F2FFE000000000001 /* ShelvCore/Services/PlaybackContentResolver.swift */ = {isa = PBXFileReference; lastKnownFileType = sourcecode.swift; path = ShelvCore/Services/PlaybackContentResolver.swift; sourceTree = "<group>"; };
		BC1001412FFE000000000001 /* ShelvCore/Services/ArtworkLoadRequestTracker.swift */ = {isa = PBXFileReference; lastKnownFileType = sourcecode.swift; path = ShelvCore/Services/ArtworkLoadRequestTracker.swift; sourceTree = "<group>"; };
		BC1001432FFE000000000001 /* ShelvCore/Services/AudioPlayerStreamCacheJob.swift */ = {isa = PBXFileReference; lastKnownFileType = sourcecode.swift; path = ShelvCore/Services/AudioPlayerStreamCacheJob.swift; sourceTree = "<group>"; };
		BC1001452FFE000000000001 /* ShelvCore/Services/KeychainService.swift */ = {isa = PBXFileReference; lastKnownFileType = sourcecode.swift; path = ShelvCore/Services/KeychainService.swift; sourceTree = "<group>"; };
		BC1001482FFE000000000001 /* ShelvCore/Models/Playlist.swift */ = {isa = PBXFileReference; lastKnownFileType = sourcecode.swift; path = ShelvCore/Models/Playlist.swift; sourceTree = "<group>"; };
		BC1001492FFE000000000001 /* ShelvCore/Models/PlaylistHierarchy.swift */ = {isa = PBXFileReference; lastKnownFileType = sourcecode.swift; path = ShelvCore/Models/PlaylistHierarchy.swift; sourceTree = "<group>"; };
		BC10014B2FFE000000000001 /* ShelvCore/Services/BackgroundWorkCoordinator.swift */ = {isa = PBXFileReference; lastKnownFileType = sourcecode.swift; path = ShelvCore/Services/BackgroundWorkCoordinator.swift; sourceTree = "<group>"; };
		BC10014D2FFE000000000001 /* ShelvCore/Stores/DownloadUIStateHub.swift */ = {isa = PBXFileReference; lastKnownFileType = sourcecode.swift; path = ShelvCore/Stores/DownloadUIStateHub.swift; sourceTree = "<group>"; };
		BC10014F2FFE000000000001 /* ShelvCore/Services/DownloadProgressCoalescer.swift */ = {isa = PBXFileReference; lastKnownFileType = sourcecode.swift; path = ShelvCore/Services/DownloadProgressCoalescer.swift; sourceTree = "<group>"; };
		BC1001512FFE000000000001 /* ShelvCore/Services/SubsonicResponseCompatibility.swift */ = {isa = PBXFileReference; lastKnownFileType = sourcecode.swift; path = ShelvCore/Services/SubsonicResponseCompatibility.swift; sourceTree = "<group>"; };
		BC1001532FFE000000000001 /* ShelvCore/Stores/SearchHistoryStore.swift */ = {isa = PBXFileReference; lastKnownFileType = sourcecode.swift; path = ShelvCore/Stores/SearchHistoryStore.swift; sourceTree = "<group>"; };
		BC1001552FFE000000000001 /* ShelvCore/Support/AlphabetIndexSelection.swift */ = {isa = PBXFileReference; lastKnownFileType = sourcecode.swift; path = ShelvCore/Support/AlphabetIndexSelection.swift; sourceTree = "<group>"; };
		BC2000012FFE000000000001 /* ShelvAppIntentsUITests.xctest */ = {isa = PBXFileReference; explicitFileType = wrapper.cfbundle; includeInIndex = 0; path = ShelvAppIntentsUITests.xctest; sourceTree = BUILT_PRODUCTS_DIR; };
		BC5116112FDC8A690011CDE9 /* Shelv TV.app */ = {isa = PBXFileReference; explicitFileType = wrapper.application; includeInIndex = 0; path = "Shelv TV.app"; sourceTree = BUILT_PRODUCTS_DIR; };
		BC5A00032FFF000000000001 /* Shelv TV Siri Extension.appex */ = {isa = PBXFileReference; explicitFileType = "wrapper.app-extension"; includeInIndex = 0; path = "Shelv TV Siri Extension.appex"; sourceTree = BUILT_PRODUCTS_DIR; };
		BC7B83F52FDB17700058CB78 /* Shelv.app */ = {isa = PBXFileReference; explicitFileType = wrapper.application; includeInIndex = 0; path = Shelv.app; sourceTree = BUILT_PRODUCTS_DIR; };
		BC9C59382F8E9FB000FF4D25 /* Shelv.app */ = {isa = PBXFileReference; explicitFileType = wrapper.application; includeInIndex = 0; path = Shelv.app; sourceTree = BUILT_PRODUCTS_DIR; };
/* End PBXFileReference section */

/* Begin PBXFileSystemSynchronizedBuildFileExceptionSet section */
		BC5A00172FFF000000000001 /* Exceptions for "Shelv TV Siri Extension" folder in "Shelv TV Siri Extension" target */ = {
			isa = PBXFileSystemSynchronizedBuildFileExceptionSet;
			membershipExceptions = (
				Info.plist,
			);
			target = BC5A00102FFF000000000001 /* Shelv TV Siri Extension */;
		};
		BC5A00182FFF000000000001 /* Exceptions for "Shelv TV" folder in "Shelv TV" target */ = {
			isa = PBXFileSystemSynchronizedBuildFileExceptionSet;
			membershipExceptions = (
				AppShortcuts.xcstrings,
			);
			target = BC5116102FDC8A690011CDE9 /* Shelv TV */;
		};
/* End PBXFileSystemSynchronizedBuildFileExceptionSet section */

/* Begin PBXFileSystemSynchronizedRootGroup section */
		BC1000022FFE000000000001 /* ShelvTests */ = {
			isa = PBXFileSystemSynchronizedRootGroup;
			path = ShelvTests;
			sourceTree = "<group>";
		};
		BC2000022FFE000000000001 /* ShelvAppIntentsUITests */ = {
			isa = PBXFileSystemSynchronizedRootGroup;
			path = ShelvAppIntentsUITests;
			sourceTree = "<group>";
		};
		BC5116122FDC8A690011CDE9 /* Shelv TV */ = {
			isa = PBXFileSystemSynchronizedRootGroup;
			exceptions = (
				BC5A00182FFF000000000001 /* Exceptions for "Shelv TV" folder in "Shelv TV" target */,
			);
			path = "Shelv TV";
			sourceTree = "<group>";
		};
		BC5A00042FFF000000000001 /* Shelv TV Siri Extension */ = {
			isa = PBXFileSystemSynchronizedRootGroup;
			exceptions = (
				BC5A00172FFF000000000001 /* Exceptions for "Shelv TV Siri Extension" folder in "Shelv TV Siri Extension" target */,
			);
			path = "Shelv TV Siri Extension";
			sourceTree = "<group>";
		};
		BC5A00052FFF000000000001 /* Shelv TV Siri Shared */ = {
			isa = PBXFileSystemSynchronizedRootGroup;
			path = "Shelv TV Siri Shared";
			sourceTree = "<group>";
		};
		BC7B83F62FDB17700058CB78 /* Shelv Mac */ = {
			isa = PBXFileSystemSynchronizedRootGroup;
			path = "Shelv Mac";
			sourceTree = "<group>";
		};
		BC9C593A2F8E9FB000FF4D25 /* Shelv */ = {
			isa = PBXFileSystemSynchronizedRootGroup;
			path = Shelv;
			sourceTree = "<group>";
		};
		BCC0DE0000000000000000C0 /* ShelvCore */ = {
			isa = PBXFileSystemSynchronizedRootGroup;
			path = ShelvCore;
			sourceTree = "<group>";
		};
/* End PBXFileSystemSynchronizedRootGroup section */

/* Begin PBXFrameworksBuildPhase section */
		BC1000032FFE000000000001 /* Frameworks */ = {
			isa = PBXFrameworksBuildPhase;
			buildActionMask = 2147483647;
			files = (
				BC10000C2FFE000000000001 /* GRDB in Frameworks */,
			);
			runOnlyForDeploymentPostprocessing = 0;
		};
		BC2000032FFE000000000001 /* Frameworks */ = {
			isa = PBXFrameworksBuildPhase;
			buildActionMask = 2147483647;
			files = (
			);
			runOnlyForDeploymentPostprocessing = 0;
		};
		BC51160E2FDC8A690011CDE9 /* Frameworks */ = {
			isa = PBXFrameworksBuildPhase;
			buildActionMask = 2147483647;
			files = (
				BC51161D2FDC8A850011CDE9 /* GRDB in Frameworks */,
			);
			runOnlyForDeploymentPostprocessing = 0;
		};
		BC5A00062FFF000000000001 /* Frameworks */ = {
			isa = PBXFrameworksBuildPhase;
			buildActionMask = 2147483647;
			files = (
			);
			runOnlyForDeploymentPostprocessing = 0;
		};
		BC7B83F22FDB17700058CB78 /* Frameworks */ = {
			isa = PBXFrameworksBuildPhase;
			buildActionMask = 2147483647;
			files = (
				BC7B84A72FDB17F90058CB78 /* GRDB in Frameworks */,
			);
			runOnlyForDeploymentPostprocessing = 0;
		};
		BC9C59352F8E9FB000FF4D25 /* Frameworks */ = {
			isa = PBXFrameworksBuildPhase;
			buildActionMask = 2147483647;
			files = (
				BC1867E52F91A088006D96E2 /* GRDB in Frameworks */,
			);
			runOnlyForDeploymentPostprocessing = 0;
		};
/* End PBXFrameworksBuildPhase section */

/* Begin PBXGroup section */
		BC1001102FFE000000000001 /* ShelvCore Test Sources */ = {
			isa = PBXGroup;
			children = (
				BC1001112FFE000000000001 /* ShelvCore/Models/Album.swift */,
				BC1001122FFE000000000001 /* ShelvCore/Models/Artist.swift */,
				BC1001132FFE000000000001 /* ShelvCore/Models/Song.swift */,
				BC1001142FFE000000000001 /* ShelvCore/Models/FlexibleDate.swift */,
				BC1001482FFE000000000001 /* ShelvCore/Models/Playlist.swift */,
				BC1001492FFE000000000001 /* ShelvCore/Models/PlaylistHierarchy.swift */,
				BC1001152FFE000000000001 /* ShelvCore/Models/RepeatMode.swift */,
				BC1001162FFE000000000001 /* ShelvCore/Models/QueueSnapshot.swift */,
				BC1001232FFE000000000001 /* ShelvCore/Models/RadioStation.swift */,
				BC1001272FFE000000000001 /* ShelvCore/Models/SubsonicServer.swift */,
				BC10012D2FFE000000000001 /* ShelvCore/Models/DownloadModels.swift */,
				BC10013D2FFE000000000001 /* ShelvCore/Models/ShortcutPlaybackModels.swift */,
				BC10013F2FFE000000000001 /* ShelvCore/Services/PlaybackContentResolver.swift */,
				BC1001172FFE000000000001 /* ShelvCore/Services/AudioPlayerQueueState.swift */,
				BC1001432FFE000000000001 /* ShelvCore/Services/AudioPlayerStreamCacheJob.swift */,
				BC1001182FFE000000000001 /* ShelvCore/Services/TranscodingPolicy.swift */,
				BC1001192FFE000000000001 /* ShelvCore/Services/NetworkStatus.swift */,
				BC1001292FFE000000000001 /* ShelvCore/Services/OfflineServerErrorPresentationPolicy.swift */,
				BC10012B2FFE000000000001 /* ShelvCore/Services/ConnectivityDebugLog.swift */,
				BC1001312FFE000000000001 /* ShelvCore/Services/DBErrorLog.swift */,
				BC1001332FFE000000000001 /* ShelvCore/Services/DownloadPayloadValidator.swift */,
				BC1001352FFE000000000001 /* ShelvCore/Services/PlayLogService.swift */,
				BC1001372FFE000000000001 /* ShelvCore/Services/RecapSyncLogic.swift */,
				BC1001392FFE000000000001 /* ShelvCore/Services/ScrobbleDeliveryCoordinator.swift */,
				BC10011A2FFE000000000001 /* ShelvCore/Services/URL+QueryParam.swift */,
				BC1001252FFE000000000001 /* ShelvCore/Services/InstantMixQueueBuilder.swift */,
				BC10011B2FFE000000000001 /* ShelvCore/Utilities/PathSafe.swift */,
				BC10013B2FFE000000000001 /* ShelvCore/Utilities/ShelvIntentSearchVocabulary.swift */,
				BC10012F2FFE000000000001 /* ShelvCore/Services/DownloadDatabase.swift */,
				BC10011E2FFE000000000001 /* ShelvCore/Services/LibraryDatabase.swift */,
				BC10011F2FFE000000000001 /* ShelvCore/Services/LibraryRepository.swift */,
				BC1001202FFE000000000001 /* ShelvCore/Support/PersonalizationSettings.swift */,
				BC1001412FFE000000000001 /* ShelvCore/Services/ArtworkLoadRequestTracker.swift */,
				BC1001452FFE000000000001 /* ShelvCore/Services/KeychainService.swift */,
				BC10014B2FFE000000000001 /* ShelvCore/Services/BackgroundWorkCoordinator.swift */,
				BC10014F2FFE000000000001 /* ShelvCore/Services/DownloadProgressCoalescer.swift */,
				BC1001512FFE000000000001 /* ShelvCore/Services/SubsonicResponseCompatibility.swift */,
				BC1001532FFE000000000001 /* ShelvCore/Stores/SearchHistoryStore.swift */,
				BC1001552FFE000000000001 /* ShelvCore/Support/AlphabetIndexSelection.swift */,
				BC10014D2FFE000000000001 /* ShelvCore/Stores/DownloadUIStateHub.swift */,
			);
			name = "ShelvCore Test Sources";
			sourceTree = "<group>";
		};
		BC7B84A52FDB17F90058CB78 /* Frameworks */ = {
			isa = PBXGroup;
			children = (
			);
			name = Frameworks;
			sourceTree = "<group>";
		};
		BC9C592F2F8E9FB000FF4D25 = {
			isa = PBXGroup;
			children = (
				BC9C593A2F8E9FB000FF4D25 /* Shelv */,
				BC7B83F62FDB17700058CB78 /* Shelv Mac */,
				BCC0DE0000000000000000C0 /* ShelvCore */,
				BC1001102FFE000000000001 /* ShelvCore Test Sources */,
				BC1000022FFE000000000001 /* ShelvTests */,
				BC2000022FFE000000000001 /* ShelvAppIntentsUITests */,
				BC5116122FDC8A690011CDE9 /* Shelv TV */,
				BC5A00042FFF000000000001 /* Shelv TV Siri Extension */,
				BC5A00052FFF000000000001 /* Shelv TV Siri Shared */,
				BC7B84A52FDB17F90058CB78 /* Frameworks */,
				BC9C59392F8E9FB000FF4D25 /* Products */,
			);
			sourceTree = "<group>";
		};
		BC9C59392F8E9FB000FF4D25 /* Products */ = {
			isa = PBXGroup;
			children = (
				BC9C59382F8E9FB000FF4D25 /* Shelv.app */,
				BC7B83F52FDB17700058CB78 /* Shelv.app */,
				BC5116112FDC8A690011CDE9 /* Shelv TV.app */,
				BC5A00032FFF000000000001 /* Shelv TV Siri Extension.appex */,
				BC1000012FFE000000000001 /* ShelvTests.xctest */,
				BC2000012FFE000000000001 /* ShelvAppIntentsUITests.xctest */,
			);
			name = Products;
			sourceTree = "<group>";
		};
/* End PBXGroup section */

/* Begin PBXNativeTarget section */
		BC1000062FFE000000000001 /* ShelvTests */ = {
			isa = PBXNativeTarget;
			buildConfigurationList = BC1000092FFE000000000001 /* Build configuration list for PBXNativeTarget "ShelvTests" */;
			buildPhases = (
				BC1000052FFE000000000001 /* Sources */,
				BC1000032FFE000000000001 /* Frameworks */,
				BC1000042FFE000000000001 /* Resources */,
			);
			buildRules = (
			);
			dependencies = (
			);
			fileSystemSynchronizedGroups = (
				BC1000022FFE000000000001 /* ShelvTests */,
				BC5A00052FFF000000000001 /* Shelv TV Siri Shared */,
			);
			name = ShelvTests;
			packageProductDependencies = (
				BC10000D2FFE000000000001 /* GRDB */,
			);
			productName = ShelvTests;
			productReference = BC1000012FFE000000000001 /* ShelvTests.xctest */;
			productType = "com.apple.product-type.bundle.unit-test";
		};
		BC2000062FFE000000000001 /* ShelvAppIntentsUITests */ = {
			isa = PBXNativeTarget;
			buildConfigurationList = BC2000092FFE000000000001 /* Build configuration list for PBXNativeTarget "ShelvAppIntentsUITests" */;
			buildPhases = (
				BC2000052FFE000000000001 /* Sources */,
				BC2000032FFE000000000001 /* Frameworks */,
				BC2000042FFE000000000001 /* Resources */,
			);
			buildRules = (
			);
			dependencies = (
				BC20000B2FFE000000000001 /* PBXTargetDependency */,
			);
			fileSystemSynchronizedGroups = (
				BC2000022FFE000000000001 /* ShelvAppIntentsUITests */,
			);
			name = ShelvAppIntentsUITests;
			packageProductDependencies = (
			);
			productName = ShelvAppIntentsUITests;
			productReference = BC2000012FFE000000000001 /* ShelvAppIntentsUITests.xctest */;
			productType = "com.apple.product-type.bundle.ui-testing";
		};
		BC5116102FDC8A690011CDE9 /* Shelv TV */ = {
			isa = PBXNativeTarget;
			buildConfigurationList = BC51161B2FDC8A6A0011CDE9 /* Build configuration list for PBXNativeTarget "Shelv TV" */;
			buildPhases = (
				BC51160D2FDC8A690011CDE9 /* Sources */,
				BC51160E2FDC8A690011CDE9 /* Frameworks */,
				BC51160F2FDC8A690011CDE9 /* Resources */,
				BC5A00142FFF000000000001 /* Embed App Extensions */,
			);
			buildRules = (
			);
			dependencies = (
				BC5A00152FFF000000000001 /* PBXTargetDependency */,
			);
			fileSystemSynchronizedGroups = (
				BC5116122FDC8A690011CDE9 /* Shelv TV */,
				BC5A00052FFF000000000001 /* Shelv TV Siri Shared */,
				BCC0DE0000000000000000C0 /* ShelvCore */,
			);
			name = "Shelv TV";
			packageProductDependencies = (
				BC51161C2FDC8A850011CDE9 /* GRDB */,
			);
			productName = "Shelv TV";
			productReference = BC5116112FDC8A690011CDE9 /* Shelv TV.app */;
			productType = "com.apple.product-type.application";
		};
		BC5A00102FFF000000000001 /* Shelv TV Siri Extension */ = {
			isa = PBXNativeTarget;
			buildConfigurationList = BC5A00112FFF000000000001 /* Build configuration list for PBXNativeTarget "Shelv TV Siri Extension" */;
			buildPhases = (
				BC5A00072FFF000000000001 /* Sources */,
				BC5A00062FFF000000000001 /* Frameworks */,
				BC5A00082FFF000000000001 /* Resources */,
			);
			buildRules = (
			);
			dependencies = (
			);
			fileSystemSynchronizedGroups = (
				BC5A00042FFF000000000001 /* Shelv TV Siri Extension */,
				BC5A00052FFF000000000001 /* Shelv TV Siri Shared */,
			);
			name = "Shelv TV Siri Extension";
			packageProductDependencies = (
			);
			productName = "Shelv TV Siri Extension";
			productReference = BC5A00032FFF000000000001 /* Shelv TV Siri Extension.appex */;
			productType = "com.apple.product-type.app-extension";
		};
		BC7B83F42FDB17700058CB78 /* Shelv Mac */ = {
			isa = PBXNativeTarget;
			buildConfigurationList = BC7B83FF2FDB17700058CB78 /* Build configuration list for PBXNativeTarget "Shelv Mac" */;
			buildPhases = (
				BC7B83F12FDB17700058CB78 /* Sources */,
				BC7B83F22FDB17700058CB78 /* Frameworks */,
				BC7B83F32FDB17700058CB78 /* Resources */,
			);
			buildRules = (
			);
			dependencies = (
			);
			fileSystemSynchronizedGroups = (
				BC7B83F62FDB17700058CB78 /* Shelv Mac */,
				BCC0DE0000000000000000C0 /* ShelvCore */,
			);
			name = "Shelv Mac";
			packageProductDependencies = (
				BC7B84A62FDB17F90058CB78 /* GRDB */,
			);
			productName = "Shelv Mac";
			productReference = BC7B83F52FDB17700058CB78 /* Shelv.app */;
			productType = "com.apple.product-type.application";
		};
		BC9C59372F8E9FB000FF4D25 /* Shelv */ = {
			isa = PBXNativeTarget;
			buildConfigurationList = BC9C59432F8E9FB100FF4D25 /* Build configuration list for PBXNativeTarget "Shelv" */;
			buildPhases = (
				BC9C59342F8E9FB000FF4D25 /* Sources */,
				BC9C59352F8E9FB000FF4D25 /* Frameworks */,
				BC9C59362F8E9FB000FF4D25 /* Resources */,
			);
			buildRules = (
			);
			dependencies = (
			);
			fileSystemSynchronizedGroups = (
				BC5A00052FFF000000000001 /* Shelv TV Siri Shared */,
				BC9C593A2F8E9FB000FF4D25 /* Shelv */,
				BCC0DE0000000000000000C0 /* ShelvCore */,
			);
			name = Shelv;
			packageProductDependencies = (
				BC1867E42F91A088006D96E2 /* GRDB */,
			);
			productName = Shelv;
			productReference = BC9C59382F8E9FB000FF4D25 /* Shelv.app */;
			productType = "com.apple.product-type.application";
		};
/* End PBXNativeTarget section */

/* Begin PBXProject section */
		BC9C59302F8E9FB000FF4D25 /* Project object */ = {
			isa = PBXProject;
			attributes = {
				BuildIndependentTargetsInParallel = 1;
				LastSwiftUpdateCheck = 2650;
				LastUpgradeCheck = 2700;
				TargetAttributes = {
					BC1000062FFE000000000001 = {
						CreatedOnToolsVersion = 26.5;
					};
					BC2000062FFE000000000001 = {
						CreatedOnToolsVersion = 27.0;
						TestTargetID = BC9C59372F8E9FB000FF4D25;
					};
					BC5116102FDC8A690011CDE9 = {
						CreatedOnToolsVersion = 26.5;
					};
					BC5A00102FFF000000000001 = {
						CreatedOnToolsVersion = 27.0;
					};
					BC7B83F42FDB17700058CB78 = {
						CreatedOnToolsVersion = 26.5;
					};
					BC9C59372F8E9FB000FF4D25 = {
						CreatedOnToolsVersion = 26.4;
					};
				};
			};
			buildConfigurationList = BC9C59332F8E9FB000FF4D25 /* Build configuration list for PBXProject "Shelv" */;
			developmentRegion = en;
			hasScannedForEncodings = 0;
			knownRegions = (
				en,
				Base,
				de,
				"zh-Hans",
			);
			mainGroup = BC9C592F2F8E9FB000FF4D25;
			minimizedProjectReferenceProxies = 1;
			packageReferences = (
				BC1867E32F91A088006D96E2 /* XCRemoteSwiftPackageReference "GRDB" */,
			);
			preferredProjectObjectVersion = 77;
			productRefGroup = BC9C59392F8E9FB000FF4D25 /* Products */;
			projectDirPath = "";
			projectRoot = "";
			targets = (
				BC9C59372F8E9FB000FF4D25 /* Shelv */,
				BC7B83F42FDB17700058CB78 /* Shelv Mac */,
				BC1000062FFE000000000001 /* ShelvTests */,
				BC2000062FFE000000000001 /* ShelvAppIntentsUITests */,
				BC5116102FDC8A690011CDE9 /* Shelv TV */,
				BC5A00102FFF000000000001 /* Shelv TV Siri Extension */,
			);
		};
/* End PBXProject section */

/* Begin PBXResourcesBuildPhase section */
		BC1000042FFE000000000001 /* Resources */ = {
			isa = PBXResourcesBuildPhase;
			buildActionMask = 2147483647;
			files = (
			);
			runOnlyForDeploymentPostprocessing = 0;
		};
		BC2000042FFE000000000001 /* Resources */ = {
			isa = PBXResourcesBuildPhase;
			buildActionMask = 2147483647;
			files = (
			);
			runOnlyForDeploymentPostprocessing = 0;
		};
		BC51160F2FDC8A690011CDE9 /* Resources */ = {
			isa = PBXResourcesBuildPhase;
			buildActionMask = 2147483647;
			files = (
			);
			runOnlyForDeploymentPostprocessing = 0;
		};
		BC5A00082FFF000000000001 /* Resources */ = {
			isa = PBXResourcesBuildPhase;
			buildActionMask = 2147483647;
			files = (
			);
			runOnlyForDeploymentPostprocessing = 0;
		};
		BC7B83F32FDB17700058CB78 /* Resources */ = {
			isa = PBXResourcesBuildPhase;
			buildActionMask = 2147483647;
			files = (
			);
			runOnlyForDeploymentPostprocessing = 0;
		};
		BC9C59362F8E9FB000FF4D25 /* Resources */ = {
			isa = PBXResourcesBuildPhase;
			buildActionMask = 2147483647;
			files = (
			);
			runOnlyForDeploymentPostprocessing = 0;
		};
/* End PBXResourcesBuildPhase section */

/* Begin PBXSourcesBuildPhase section */
		BC1000052FFE000000000001 /* Sources */ = {
			isa = PBXSourcesBuildPhase;
			buildActionMask = 2147483647;
			files = (
				BC1001012FFE000000000001 /* ShelvCore/Models/Album.swift in Sources */,
				BC1001022FFE000000000001 /* ShelvCore/Models/Artist.swift in Sources */,
				BC1001032FFE000000000001 /* ShelvCore/Models/Song.swift in Sources */,
				BC1001042FFE000000000001 /* ShelvCore/Models/FlexibleDate.swift in Sources */,
				BC1001462FFE000000000001 /* ShelvCore/Models/Playlist.swift in Sources */,
				BC1001472FFE000000000001 /* ShelvCore/Models/PlaylistHierarchy.swift in Sources */,
				BC1001052FFE000000000001 /* ShelvCore/Models/RepeatMode.swift in Sources */,
				BC1001062FFE000000000001 /* ShelvCore/Models/QueueSnapshot.swift in Sources */,
				BC1001222FFE000000000001 /* ShelvCore/Models/RadioStation.swift in Sources */,
				BC1001262FFE000000000001 /* ShelvCore/Models/SubsonicServer.swift in Sources */,
				BC10012C2FFE000000000001 /* ShelvCore/Models/DownloadModels.swift in Sources */,
				BC10013C2FFE000000000001 /* ShelvCore/Models/ShortcutPlaybackModels.swift in Sources */,
				BC10013E2FFE000000000001 /* ShelvCore/Services/PlaybackContentResolver.swift in Sources */,
				BC1001402FFE000000000001 /* ShelvCore/Services/ArtworkLoadRequestTracker.swift in Sources */,
				BC1001072FFE000000000001 /* ShelvCore/Services/AudioPlayerQueueState.swift in Sources */,
				BC1001422FFE000000000001 /* ShelvCore/Services/AudioPlayerStreamCacheJob.swift in Sources */,
				BC1001082FFE000000000001 /* ShelvCore/Services/TranscodingPolicy.swift in Sources */,
				BC1001092FFE000000000001 /* ShelvCore/Services/NetworkStatus.swift in Sources */,
				BC1001282FFE000000000001 /* ShelvCore/Services/OfflineServerErrorPresentationPolicy.swift in Sources */,
				BC10012A2FFE000000000001 /* ShelvCore/Services/ConnectivityDebugLog.swift in Sources */,
				BC1001302FFE000000000001 /* ShelvCore/Services/DBErrorLog.swift in Sources */,
				BC1001322FFE000000000001 /* ShelvCore/Services/DownloadPayloadValidator.swift in Sources */,
				BC1001342FFE000000000001 /* ShelvCore/Services/PlayLogService.swift in Sources */,
				BC1001362FFE000000000001 /* ShelvCore/Services/RecapSyncLogic.swift in Sources */,
				BC1001382FFE000000000001 /* ShelvCore/Services/ScrobbleDeliveryCoordinator.swift in Sources */,
				BC10010A2FFE000000000001 /* ShelvCore/Services/URL+QueryParam.swift in Sources */,
				BC1001242FFE000000000001 /* ShelvCore/Services/InstantMixQueueBuilder.swift in Sources */,
				BC10010B2FFE000000000001 /* ShelvCore/Utilities/PathSafe.swift in Sources */,
				BC10013A2FFE000000000001 /* ShelvCore/Utilities/ShelvIntentSearchVocabulary.swift in Sources */,
				BC10012E2FFE000000000001 /* ShelvCore/Services/DownloadDatabase.swift in Sources */,
				BC10010E2FFE000000000001 /* ShelvCore/Services/LibraryDatabase.swift in Sources */,
				BC10010F2FFE000000000001 /* ShelvCore/Services/LibraryRepository.swift in Sources */,
				BC1001212FFE000000000001 /* ShelvCore/Support/PersonalizationSettings.swift in Sources */,
				BC1001442FFE000000000001 /* ShelvCore/Services/KeychainService.swift in Sources */,
				BC10014A2FFE000000000001 /* ShelvCore/Services/BackgroundWorkCoordinator.swift in Sources */,
				BC10014E2FFE000000000001 /* ShelvCore/Services/DownloadProgressCoalescer.swift in Sources */,
				BC1001502FFE000000000001 /* ShelvCore/Services/SubsonicResponseCompatibility.swift in Sources */,
				BC1001522FFE000000000001 /* ShelvCore/Stores/SearchHistoryStore.swift in Sources */,
				BC1001542FFE000000000001 /* ShelvCore/Support/AlphabetIndexSelection.swift in Sources */,
				BC10014C2FFE000000000001 /* ShelvCore/Stores/DownloadUIStateHub.swift in Sources */,
			);
			runOnlyForDeploymentPostprocessing = 0;
		};
		BC2000052FFE000000000001 /* Sources */ = {
			isa = PBXSourcesBuildPhase;
			buildActionMask = 2147483647;
			files = (
			);
			runOnlyForDeploymentPostprocessing = 0;
		};
		BC51160D2FDC8A690011CDE9 /* Sources */ = {
			isa = PBXSourcesBuildPhase;
			buildActionMask = 2147483647;
			files = (
			);
			runOnlyForDeploymentPostprocessing = 0;
		};
		BC5A00072FFF000000000001 /* Sources */ = {
			isa = PBXSourcesBuildPhase;
			buildActionMask = 2147483647;
			files = (
			);
			runOnlyForDeploymentPostprocessing = 0;
		};
		BC7B83F12FDB17700058CB78 /* Sources */ = {
			isa = PBXSourcesBuildPhase;
			buildActionMask = 2147483647;
			files = (
			);
			runOnlyForDeploymentPostprocessing = 0;
		};
		BC9C59342F8E9FB000FF4D25 /* Sources */ = {
			isa = PBXSourcesBuildPhase;
			buildActionMask = 2147483647;
			files = (
			);
			runOnlyForDeploymentPostprocessing = 0;
		};
/* End PBXSourcesBuildPhase section */

/* Begin PBXTargetDependency section */
		BC20000B2FFE000000000001 /* PBXTargetDependency */ = {
			isa = PBXTargetDependency;
			target = BC9C59372F8E9FB000FF4D25 /* Shelv */;
			targetProxy = BC20000A2FFE000000000001 /* PBXContainerItemProxy */;
		};
		BC5A00152FFF000000000001 /* PBXTargetDependency */ = {
			isa = PBXTargetDependency;
			target = BC5A00102FFF000000000001 /* Shelv TV Siri Extension */;
			targetProxy = BC5A00162FFF000000000001 /* PBXContainerItemProxy */;
		};
/* End PBXTargetDependency section */

/* Begin XCBuildConfiguration section */
		BC1000072FFE000000000001 /* Debug */ = {
			isa = XCBuildConfiguration;
			buildSettings = {
				CODE_SIGN_STYLE = Automatic;
				DEVELOPMENT_TEAM = 7CZP946PWR;
				GENERATE_INFOPLIST_FILE = YES;
				IPHONEOS_DEPLOYMENT_TARGET = 18.0;
				LD_RUNPATH_SEARCH_PATHS = (
					"$(inherited)",
					"@executable_path/../Frameworks",
					"@loader_path/../Frameworks",
				);
				MACOSX_DEPLOYMENT_TARGET = 15.6;
				PRODUCT_BUNDLE_IDENTIFIER = ch.vkugler.ShelvTests;
				PRODUCT_NAME = "$(TARGET_NAME)";
				SDKROOT = auto;
				SUPPORTED_PLATFORMS = "iphoneos iphonesimulator macosx";
				SWIFT_ACTIVE_COMPILATION_CONDITIONS = "DEBUG SHELV_LOGIC_TESTS";
				SWIFT_DEFAULT_ACTOR_ISOLATION = MainActor;
				SWIFT_VERSION = 5.0;
			};
			name = Debug;
		};
		BC1000082FFE000000000001 /* Release */ = {
			isa = XCBuildConfiguration;
			buildSettings = {
				CODE_SIGN_STYLE = Automatic;
				DEVELOPMENT_TEAM = 7CZP946PWR;
				GENERATE_INFOPLIST_FILE = YES;
				IPHONEOS_DEPLOYMENT_TARGET = 18.0;
				LD_RUNPATH_SEARCH_PATHS = (
					"$(inherited)",
					"@executable_path/../Frameworks",
					"@loader_path/../Frameworks",
				);
				MACOSX_DEPLOYMENT_TARGET = 15.6;
				PRODUCT_BUNDLE_IDENTIFIER = ch.vkugler.ShelvTests;
				PRODUCT_NAME = "$(TARGET_NAME)";
				SDKROOT = auto;
				SUPPORTED_PLATFORMS = "iphoneos iphonesimulator macosx";
				SWIFT_ACTIVE_COMPILATION_CONDITIONS = SHELV_LOGIC_TESTS;
				SWIFT_DEFAULT_ACTOR_ISOLATION = MainActor;
				SWIFT_VERSION = 5.0;
			};
			name = Release;
		};
		BC2000072FFE000000000001 /* Debug */ = {
			isa = XCBuildConfiguration;
			buildSettings = {
				CODE_SIGN_STYLE = Automatic;
				CURRENT_PROJECT_VERSION = 1;
				DEAD_CODE_STRIPPING = YES;
				DEVELOPMENT_TEAM = 7CZP946PWR;
				GENERATE_INFOPLIST_FILE = YES;
				IPHONEOS_DEPLOYMENT_TARGET = 27.0;
				MARKETING_VERSION = 1.0;
				PRODUCT_BUNDLE_IDENTIFIER = ch.vkugler.ShelvAppIntentsUITests;
				PRODUCT_NAME = "$(TARGET_NAME)";
				SDKROOT = auto;
				STRING_CATALOG_GENERATE_SYMBOLS = NO;
				SUPPORTED_PLATFORMS = "iphoneos iphonesimulator";
				SWIFT_APPROACHABLE_CONCURRENCY = YES;
				SWIFT_DEFAULT_ACTOR_ISOLATION = MainActor;
				SWIFT_EMIT_LOC_STRINGS = NO;
				SWIFT_UPCOMING_FEATURE_MEMBER_IMPORT_VISIBILITY = YES;
				SWIFT_VERSION = 5.0;
				TARGETED_DEVICE_FAMILY = "1,2";
				TEST_TARGET_NAME = Shelv;
			};
			name = Debug;
		};
		BC2000082FFE000000000001 /* Release */ = {
			isa = XCBuildConfiguration;
			buildSettings = {
				CODE_SIGN_STYLE = Automatic;
				CURRENT_PROJECT_VERSION = 1;
				DEAD_CODE_STRIPPING = YES;
				DEVELOPMENT_TEAM = 7CZP946PWR;
				GENERATE_INFOPLIST_FILE = YES;
				IPHONEOS_DEPLOYMENT_TARGET = 27.0;
				MARKETING_VERSION = 1.0;
				PRODUCT_BUNDLE_IDENTIFIER = ch.vkugler.ShelvAppIntentsUITests;
				PRODUCT_NAME = "$(TARGET_NAME)";
				SDKROOT = auto;
				STRING_CATALOG_GENERATE_SYMBOLS = NO;
				SUPPORTED_PLATFORMS = "iphoneos iphonesimulator";
				SWIFT_APPROACHABLE_CONCURRENCY = YES;
				SWIFT_DEFAULT_ACTOR_ISOLATION = MainActor;
				SWIFT_EMIT_LOC_STRINGS = NO;
				SWIFT_UPCOMING_FEATURE_MEMBER_IMPORT_VISIBILITY = YES;
				SWIFT_VERSION = 5.0;
				TARGETED_DEVICE_FAMILY = "1,2";
				TEST_TARGET_NAME = Shelv;
			};
			name = Release;
		};
		BC5116192FDC8A6A0011CDE9 /* Debug */ = {
			isa = XCBuildConfiguration;
			buildSettings = {
				ASSETCATALOG_COMPILER_APPICON_NAME = "App Icon & Top Shelf Image";
				ASSETCATALOG_COMPILER_GLOBAL_ACCENT_COLOR_NAME = AccentColor;
				CODE_SIGN_ENTITLEMENTS = "Shelv TV/Shelv TVRelease.entitlements";
				CODE_SIGN_STYLE = Automatic;
				CURRENT_PROJECT_VERSION = 1;
				DEVELOPMENT_TEAM = 7CZP946PWR;
				ENABLE_PREVIEWS = YES;
				GENERATE_INFOPLIST_FILE = YES;
				INFOPLIST_FILE = "Shelv-TV-Info.plist";
				INFOPLIST_KEY_CFBundleDisplayName = Shelv;
				INFOPLIST_KEY_UILaunchScreen_Generation = YES;
				INFOPLIST_KEY_UIUserInterfaceStyle = Automatic;
				LD_RUNPATH_SEARCH_PATHS = (
					"$(inherited)",
					"@executable_path/Frameworks",
				);
				MARKETING_VERSION = 1.5;
				PRODUCT_BUNDLE_IDENTIFIER = ch.vkugler.Shelv;
				PRODUCT_NAME = "$(TARGET_NAME)";
				SDKROOT = appletvos;
				STRING_CATALOG_GENERATE_SYMBOLS = YES;
				SWIFT_APPROACHABLE_CONCURRENCY = YES;
				SWIFT_DEFAULT_ACTOR_ISOLATION = MainActor;
				SWIFT_EMIT_LOC_STRINGS = YES;
				SWIFT_UPCOMING_FEATURE_MEMBER_IMPORT_VISIBILITY = YES;
				SWIFT_VERSION = 5.0;
				TARGETED_DEVICE_FAMILY = 3;
				TVOS_DEPLOYMENT_TARGET = 18.6;
			};
			name = Debug;
		};
		BC51161A2FDC8A6A0011CDE9 /* Release */ = {
			isa = XCBuildConfiguration;
			buildSettings = {
				ASSETCATALOG_COMPILER_APPICON_NAME = "App Icon & Top Shelf Image";
				ASSETCATALOG_COMPILER_GLOBAL_ACCENT_COLOR_NAME = AccentColor;
				CODE_SIGN_ENTITLEMENTS = "Shelv TV/Shelv TVRelease.entitlements";
				CODE_SIGN_STYLE = Automatic;
				CURRENT_PROJECT_VERSION = 1;
				DEVELOPMENT_TEAM = 7CZP946PWR;
				ENABLE_PREVIEWS = YES;
				GENERATE_INFOPLIST_FILE = YES;
				INFOPLIST_FILE = "Shelv-TV-Info.plist";
				INFOPLIST_KEY_CFBundleDisplayName = Shelv;
				INFOPLIST_KEY_UILaunchScreen_Generation = YES;
				INFOPLIST_KEY_UIUserInterfaceStyle = Automatic;
				LD_RUNPATH_SEARCH_PATHS = (
					"$(inherited)",
					"@executable_path/Frameworks",
				);
				MARKETING_VERSION = 1.5;
				PRODUCT_BUNDLE_IDENTIFIER = ch.vkugler.Shelv;
				PRODUCT_NAME = "$(TARGET_NAME)";
				SDKROOT = appletvos;
				STRING_CATALOG_GENERATE_SYMBOLS = YES;
				SWIFT_APPROACHABLE_CONCURRENCY = YES;
				SWIFT_DEFAULT_ACTOR_ISOLATION = MainActor;
				SWIFT_EMIT_LOC_STRINGS = YES;
				SWIFT_UPCOMING_FEATURE_MEMBER_IMPORT_VISIBILITY = YES;
				SWIFT_VERSION = 5.0;
				TARGETED_DEVICE_FAMILY = 3;
				TVOS_DEPLOYMENT_TARGET = 18.6;
				VALIDATE_PRODUCT = YES;
			};
			name = Release;
		};
		BC5A00122FFF000000000001 /* Debug */ = {
			isa = XCBuildConfiguration;
			buildSettings = {
				APPLICATION_EXTENSION_API_ONLY = YES;
				CODE_SIGN_STYLE = Automatic;
				CURRENT_PROJECT_VERSION = 1;
				DEVELOPMENT_TEAM = 7CZP946PWR;
				GENERATE_INFOPLIST_FILE = NO;
				INFOPLIST_FILE = "Shelv TV Siri Extension/Info.plist";
				LD_RUNPATH_SEARCH_PATHS = (
					"$(inherited)",
					"@executable_path/Frameworks",
					"@executable_path/../../Frameworks",
				);
				MARKETING_VERSION = 1.5;
				PRODUCT_BUNDLE_IDENTIFIER = ch.vkugler.Shelv.Siri;
				PRODUCT_NAME = "$(TARGET_NAME)";
				SDKROOT = appletvos;
				SKIP_INSTALL = YES;
				SWIFT_APPROACHABLE_CONCURRENCY = YES;
				SWIFT_DEFAULT_ACTOR_ISOLATION = MainActor;
				SWIFT_EMIT_LOC_STRINGS = NO;
				SWIFT_UPCOMING_FEATURE_MEMBER_IMPORT_VISIBILITY = YES;
				SWIFT_VERSION = 5.0;
				TARGETED_DEVICE_FAMILY = 3;
				TVOS_DEPLOYMENT_TARGET = 18.6;
			};
			name = Debug;
		};
		BC5A00132FFF000000000001 /* Release */ = {
			isa = XCBuildConfiguration;
			buildSettings = {
				APPLICATION_EXTENSION_API_ONLY = YES;
				CODE_SIGN_STYLE = Automatic;
				CURRENT_PROJECT_VERSION = 1;
				DEVELOPMENT_TEAM = 7CZP946PWR;
				GENERATE_INFOPLIST_FILE = NO;
				INFOPLIST_FILE = "Shelv TV Siri Extension/Info.plist";
				LD_RUNPATH_SEARCH_PATHS = (
					"$(inherited)",
					"@executable_path/Frameworks",
					"@executable_path/../../Frameworks",
				);
				MARKETING_VERSION = 1.5;
				PRODUCT_BUNDLE_IDENTIFIER = ch.vkugler.Shelv.Siri;
				PRODUCT_NAME = "$(TARGET_NAME)";
				SDKROOT = appletvos;
				SKIP_INSTALL = YES;
				SWIFT_APPROACHABLE_CONCURRENCY = YES;
				SWIFT_DEFAULT_ACTOR_ISOLATION = MainActor;
				SWIFT_EMIT_LOC_STRINGS = NO;
				SWIFT_UPCOMING_FEATURE_MEMBER_IMPORT_VISIBILITY = YES;
				SWIFT_VERSION = 5.0;
				TARGETED_DEVICE_FAMILY = 3;
				TVOS_DEPLOYMENT_TARGET = 18.6;
			};
			name = Release;
		};
		BC7B83FD2FDB17700058CB78 /* Debug */ = {
			isa = XCBuildConfiguration;
			buildSettings = {
				ASSETCATALOG_COMPILER_APPICON_NAME = shelv;
				ASSETCATALOG_COMPILER_GLOBAL_ACCENT_COLOR_NAME = AccentColor;
				CODE_SIGN_ENTITLEMENTS = "Shelv Mac/Shelv Mac.entitlements";
				CODE_SIGN_STYLE = Automatic;
				COMBINE_HIDPI_IMAGES = YES;
				CURRENT_PROJECT_VERSION = 1;
				DEAD_CODE_STRIPPING = YES;
				DEVELOPMENT_TEAM = 7CZP946PWR;
				ENABLE_APP_SANDBOX = YES;
				ENABLE_HARDENED_RUNTIME = YES;
				ENABLE_INCOMING_NETWORK_CONNECTIONS = NO;
				ENABLE_OUTGOING_NETWORK_CONNECTIONS = YES;
				ENABLE_PREVIEWS = YES;
				ENABLE_RESOURCE_ACCESS_AUDIO_INPUT = NO;
				ENABLE_RESOURCE_ACCESS_BLUETOOTH = NO;
				ENABLE_RESOURCE_ACCESS_CALENDARS = NO;
				ENABLE_RESOURCE_ACCESS_CAMERA = NO;
				ENABLE_RESOURCE_ACCESS_CONTACTS = NO;
				ENABLE_RESOURCE_ACCESS_LOCATION = NO;
				ENABLE_RESOURCE_ACCESS_PRINTING = NO;
				ENABLE_RESOURCE_ACCESS_USB = NO;
				ENABLE_USER_SELECTED_FILES = readwrite;
				GENERATE_INFOPLIST_FILE = YES;
				INFOPLIST_FILE = "Shelv-Mac-Info.plist";
				INFOPLIST_KEY_CFBundleDisplayName = Shelv;
				INFOPLIST_KEY_LSApplicationCategoryType = "public.app-category.music";
				INFOPLIST_KEY_NSHumanReadableCopyright = "";
				LD_RUNPATH_SEARCH_PATHS = (
					"$(inherited)",
					"@executable_path/../Frameworks",
				);
				MACOSX_DEPLOYMENT_TARGET = 15.6;
				MARKETING_VERSION = 1.5;
				PRODUCT_BUNDLE_IDENTIFIER = ch.vkugler.Shelv;
				PRODUCT_NAME = Shelv;
				REGISTER_APP_GROUPS = YES;
				SDKROOT = macosx;
				STRING_CATALOG_GENERATE_SYMBOLS = YES;
				SWIFT_APPROACHABLE_CONCURRENCY = YES;
				SWIFT_DEFAULT_ACTOR_ISOLATION = MainActor;
				SWIFT_EMIT_LOC_STRINGS = YES;
				SWIFT_UPCOMING_FEATURE_MEMBER_IMPORT_VISIBILITY = YES;
				SWIFT_VERSION = 5.0;
			};
			name = Debug;
		};
		BC7B83FE2FDB17700058CB78 /* Release */ = {
			isa = XCBuildConfiguration;
			buildSettings = {
				ASSETCATALOG_COMPILER_APPICON_NAME = shelv;
				ASSETCATALOG_COMPILER_GLOBAL_ACCENT_COLOR_NAME = AccentColor;
				CODE_SIGN_ENTITLEMENTS = "Shelv Mac/Shelv Mac.entitlements";
				CODE_SIGN_STYLE = Automatic;
				COMBINE_HIDPI_IMAGES = YES;
				CURRENT_PROJECT_VERSION = 1;
				DEAD_CODE_STRIPPING = YES;
				DEVELOPMENT_TEAM = 7CZP946PWR;
				ENABLE_APP_SANDBOX = YES;
				ENABLE_HARDENED_RUNTIME = YES;
				ENABLE_INCOMING_NETWORK_CONNECTIONS = NO;
				ENABLE_OUTGOING_NETWORK_CONNECTIONS = YES;
				ENABLE_PREVIEWS = YES;
				ENABLE_RESOURCE_ACCESS_AUDIO_INPUT = NO;
				ENABLE_RESOURCE_ACCESS_BLUETOOTH = NO;
				ENABLE_RESOURCE_ACCESS_CALENDARS = NO;
				ENABLE_RESOURCE_ACCESS_CAMERA = NO;
				ENABLE_RESOURCE_ACCESS_CONTACTS = NO;
				ENABLE_RESOURCE_ACCESS_LOCATION = NO;
				ENABLE_RESOURCE_ACCESS_PRINTING = NO;
				ENABLE_RESOURCE_ACCESS_USB = NO;
				ENABLE_USER_SELECTED_FILES = readwrite;
				GENERATE_INFOPLIST_FILE = YES;
				INFOPLIST_FILE = "Shelv-Mac-Info.plist";
				INFOPLIST_KEY_CFBundleDisplayName = Shelv;
				INFOPLIST_KEY_LSApplicationCategoryType = "public.app-category.music";
				INFOPLIST_KEY_NSHumanReadableCopyright = "";
				LD_RUNPATH_SEARCH_PATHS = (
					"$(inherited)",
					"@executable_path/../Frameworks",
				);
				MACOSX_DEPLOYMENT_TARGET = 15.6;
				MARKETING_VERSION = 1.5;
				PRODUCT_BUNDLE_IDENTIFIER = ch.vkugler.Shelv;
				PRODUCT_NAME = Shelv;
				REGISTER_APP_GROUPS = YES;
				SDKROOT = macosx;
				STRING_CATALOG_GENERATE_SYMBOLS = YES;
				SWIFT_APPROACHABLE_CONCURRENCY = YES;
				SWIFT_DEFAULT_ACTOR_ISOLATION = MainActor;
				SWIFT_EMIT_LOC_STRINGS = YES;
				SWIFT_UPCOMING_FEATURE_MEMBER_IMPORT_VISIBILITY = YES;
				SWIFT_VERSION = 5.0;
			};
			name = Release;
		};
		BC9C59412F8E9FB100FF4D25 /* Debug */ = {
			isa = XCBuildConfiguration;
			buildSettings = {
				ALWAYS_SEARCH_USER_PATHS = NO;
				ASSETCATALOG_COMPILER_GENERATE_SWIFT_ASSET_SYMBOL_EXTENSIONS = YES;
				CLANG_ANALYZER_LOCALIZABILITY_NONLOCALIZED = YES;
				CLANG_ANALYZER_NONNULL = YES;
				CLANG_ANALYZER_NUMBER_OBJECT_CONVERSION = YES_AGGRESSIVE;
				CLANG_CXX_LANGUAGE_STANDARD = "gnu++20";
				CLANG_ENABLE_MODULES = YES;
				CLANG_ENABLE_OBJC_ARC = YES;
				CLANG_ENABLE_OBJC_WEAK = YES;
				CLANG_WARN_BLOCK_CAPTURE_AUTORELEASING = YES;
				CLANG_WARN_BOOL_CONVERSION = YES;
				CLANG_WARN_COMMA = YES;
				CLANG_WARN_CONSTANT_CONVERSION = YES;
				CLANG_WARN_DEPRECATED_OBJC_IMPLEMENTATIONS = YES;
				CLANG_WARN_DIRECT_OBJC_ISA_USAGE = YES_ERROR;
				CLANG_WARN_DOCUMENTATION_COMMENTS = YES;
				CLANG_WARN_EMPTY_BODY = YES;
				CLANG_WARN_ENUM_CONVERSION = YES;
				CLANG_WARN_INFINITE_RECURSION = YES;
				CLANG_WARN_INT_CONVERSION = YES;
				CLANG_WARN_NON_LITERAL_NULL_CONVERSION = YES;
				CLANG_WARN_OBJC_IMPLICIT_RETAIN_SELF = YES;
				CLANG_WARN_OBJC_LITERAL_CONVERSION = YES;
				CLANG_WARN_OBJC_ROOT_CLASS = YES_ERROR;
				CLANG_WARN_QUOTED_INCLUDE_IN_FRAMEWORK_HEADER = YES;
				CLANG_WARN_RANGE_LOOP_ANALYSIS = YES;
				CLANG_WARN_STRICT_PROTOTYPES = YES;
				CLANG_WARN_SUSPICIOUS_MOVE = YES;
				CLANG_WARN_UNGUARDED_AVAILABILITY = YES_AGGRESSIVE;
				CLANG_WARN_UNREACHABLE_CODE = YES;
				CLANG_WARN__DUPLICATE_METHOD_MATCH = YES;
				COPY_PHASE_STRIP = NO;
				DEAD_CODE_STRIPPING = YES;
				DEBUG_INFORMATION_FORMAT = dwarf;
				DEVELOPMENT_TEAM = 7CZP946PWR;
				ENABLE_STRICT_OBJC_MSGSEND = YES;
				ENABLE_TESTABILITY = YES;
				ENABLE_USER_SCRIPT_SANDBOXING = YES;
				GCC_C_LANGUAGE_STANDARD = gnu17;
				GCC_DYNAMIC_NO_PIC = NO;
				GCC_NO_COMMON_BLOCKS = YES;
				GCC_OPTIMIZATION_LEVEL = 0;
				GCC_PREPROCESSOR_DEFINITIONS = (
					"DEBUG=1",
					"$(inherited)",
				);
				GCC_WARN_64_TO_32_BIT_CONVERSION = YES;
				GCC_WARN_ABOUT_RETURN_TYPE = YES_ERROR;
				GCC_WARN_UNDECLARED_SELECTOR = YES;
				GCC_WARN_UNINITIALIZED_AUTOS = YES_AGGRESSIVE;
				GCC_WARN_UNUSED_FUNCTION = YES;
				GCC_WARN_UNUSED_VARIABLE = YES;
				LOCALIZATION_PREFERS_STRING_CATALOGS = YES;
				MTL_ENABLE_DEBUG_INFO = INCLUDE_SOURCE;
				MTL_FAST_MATH = YES;
				ONLY_ACTIVE_ARCH = YES;
				SWIFT_ACTIVE_COMPILATION_CONDITIONS = "DEBUG $(inherited)";
				SWIFT_OPTIMIZATION_LEVEL = "-Onone";
			};
			name = Debug;
		};
		BC9C59422F8E9FB100FF4D25 /* Release */ = {
			isa = XCBuildConfiguration;
			buildSettings = {
				ALWAYS_SEARCH_USER_PATHS = NO;
				ASSETCATALOG_COMPILER_GENERATE_SWIFT_ASSET_SYMBOL_EXTENSIONS = YES;
				CLANG_ANALYZER_LOCALIZABILITY_NONLOCALIZED = YES;
				CLANG_ANALYZER_NONNULL = YES;
				CLANG_ANALYZER_NUMBER_OBJECT_CONVERSION = YES_AGGRESSIVE;
				CLANG_CXX_LANGUAGE_STANDARD = "gnu++20";
				CLANG_ENABLE_MODULES = YES;
				CLANG_ENABLE_OBJC_ARC = YES;
				CLANG_ENABLE_OBJC_WEAK = YES;
				CLANG_WARN_BLOCK_CAPTURE_AUTORELEASING = YES;
				CLANG_WARN_BOOL_CONVERSION = YES;
				CLANG_WARN_COMMA = YES;
				CLANG_WARN_CONSTANT_CONVERSION = YES;
				CLANG_WARN_DEPRECATED_OBJC_IMPLEMENTATIONS = YES;
				CLANG_WARN_DIRECT_OBJC_ISA_USAGE = YES_ERROR;
				CLANG_WARN_DOCUMENTATION_COMMENTS = YES;
				CLANG_WARN_EMPTY_BODY = YES;
				CLANG_WARN_ENUM_CONVERSION = YES;
				CLANG_WARN_INFINITE_RECURSION = YES;
				CLANG_WARN_INT_CONVERSION = YES;
				CLANG_WARN_NON_LITERAL_NULL_CONVERSION = YES;
				CLANG_WARN_OBJC_IMPLICIT_RETAIN_SELF = YES;
				CLANG_WARN_OBJC_LITERAL_CONVERSION = YES;
				CLANG_WARN_OBJC_ROOT_CLASS = YES_ERROR;
				CLANG_WARN_QUOTED_INCLUDE_IN_FRAMEWORK_HEADER = YES;
				CLANG_WARN_RANGE_LOOP_ANALYSIS = YES;
				CLANG_WARN_STRICT_PROTOTYPES = YES;
				CLANG_WARN_SUSPICIOUS_MOVE = YES;
				CLANG_WARN_UNGUARDED_AVAILABILITY = YES_AGGRESSIVE;
				CLANG_WARN_UNREACHABLE_CODE = YES;
				CLANG_WARN__DUPLICATE_METHOD_MATCH = YES;
				COPY_PHASE_STRIP = NO;
				DEAD_CODE_STRIPPING = YES;
				DEBUG_INFORMATION_FORMAT = "dwarf-with-dsym";
				DEVELOPMENT_TEAM = 7CZP946PWR;
				ENABLE_NS_ASSERTIONS = NO;
				ENABLE_STRICT_OBJC_MSGSEND = YES;
				ENABLE_USER_SCRIPT_SANDBOXING = YES;
				GCC_C_LANGUAGE_STANDARD = gnu17;
				GCC_NO_COMMON_BLOCKS = YES;
				GCC_WARN_64_TO_32_BIT_CONVERSION = YES;
				GCC_WARN_ABOUT_RETURN_TYPE = YES_ERROR;
				GCC_WARN_UNDECLARED_SELECTOR = YES;
				GCC_WARN_UNINITIALIZED_AUTOS = YES_AGGRESSIVE;
				GCC_WARN_UNUSED_FUNCTION = YES;
				GCC_WARN_UNUSED_VARIABLE = YES;
				LOCALIZATION_PREFERS_STRING_CATALOGS = YES;
				MTL_ENABLE_DEBUG_INFO = NO;
				MTL_FAST_MATH = YES;
				SWIFT_COMPILATION_MODE = wholemodule;
			};
			name = Release;
		};
		BC9C59442F8E9FB100FF4D25 /* Debug */ = {
			isa = XCBuildConfiguration;
			buildSettings = {
				ASSETCATALOG_COMPILER_APPICON_NAME = shelv;
				ASSETCATALOG_COMPILER_GLOBAL_ACCENT_COLOR_NAME = AccentColor;
				CODE_SIGN_ENTITLEMENTS = Shelv/Shelv.entitlements;
				CODE_SIGN_STYLE = Automatic;
				CURRENT_PROJECT_VERSION = 1;
				DEAD_CODE_STRIPPING = YES;
				DEVELOPMENT_TEAM = 7CZP946PWR;
				ENABLE_APP_SANDBOX = YES;
				ENABLE_HARDENED_RUNTIME = YES;
				ENABLE_PREVIEWS = YES;
				ENABLE_USER_SELECTED_FILES = readonly;
				GENERATE_INFOPLIST_FILE = YES;
				INFOPLIST_FILE = Info.plist;
				INFOPLIST_KEY_CFBundleDisplayName = Shelv;
				INFOPLIST_KEY_LSApplicationCategoryType = "public.app-category.music";
				"INFOPLIST_KEY_UIApplicationSceneManifest_Generation[sdk=iphoneos*]" = NO;
				"INFOPLIST_KEY_UIApplicationSceneManifest_Generation[sdk=iphonesimulator*]" = NO;
				"INFOPLIST_KEY_UIApplicationSupportsIndirectInputEvents[sdk=iphoneos*]" = YES;
				"INFOPLIST_KEY_UIApplicationSupportsIndirectInputEvents[sdk=iphonesimulator*]" = YES;
				"INFOPLIST_KEY_UILaunchScreen_Generation[sdk=iphoneos*]" = YES;
				"INFOPLIST_KEY_UILaunchScreen_Generation[sdk=iphonesimulator*]" = YES;
				"INFOPLIST_KEY_UIStatusBarStyle[sdk=iphoneos*]" = UIStatusBarStyleDefault;
				"INFOPLIST_KEY_UIStatusBarStyle[sdk=iphonesimulator*]" = UIStatusBarStyleDefault;
				INFOPLIST_KEY_UISupportedInterfaceOrientations = UIInterfaceOrientationPortrait;
				INFOPLIST_KEY_UISupportedInterfaceOrientations_iPad = "UIInterfaceOrientationLandscapeLeft UIInterfaceOrientationLandscapeRight UIInterfaceOrientationPortrait UIInterfaceOrientationPortraitUpsideDown";
				IPHONEOS_DEPLOYMENT_TARGET = 18.0;
				LD_RUNPATH_SEARCH_PATHS = "@executable_path/Frameworks";
				"LD_RUNPATH_SEARCH_PATHS[sdk=macosx*]" = "@executable_path/../Frameworks";
				MACOSX_DEPLOYMENT_TARGET = 26.4;
				MARKETING_VERSION = 1.5;
				PRODUCT_BUNDLE_IDENTIFIER = ch.vkugler.Shelv;
				PRODUCT_NAME = "$(TARGET_NAME)";
				REGISTER_APP_GROUPS = YES;
				SDKROOT = auto;
				STRING_CATALOG_GENERATE_SYMBOLS = YES;
				SUPPORTED_PLATFORMS = "iphoneos iphonesimulator";
				SUPPORTS_MACCATALYST = NO;
				SWIFT_APPROACHABLE_CONCURRENCY = YES;
				SWIFT_DEFAULT_ACTOR_ISOLATION = MainActor;
				SWIFT_EMIT_LOC_STRINGS = YES;
				SWIFT_UPCOMING_FEATURE_MEMBER_IMPORT_VISIBILITY = YES;
				SWIFT_VERSION = 5.0;
				TARGETED_DEVICE_FAMILY = "1,2";
				XROS_DEPLOYMENT_TARGET = 26.4;
			};
			name = Debug;
		};
		BC9C59452F8E9FB100FF4D25 /* Release */ = {
			isa = XCBuildConfiguration;
			buildSettings = {
				ASSETCATALOG_COMPILER_APPICON_NAME = shelv;
				ASSETCATALOG_COMPILER_GLOBAL_ACCENT_COLOR_NAME = AccentColor;
				CODE_SIGN_ENTITLEMENTS = Shelv/Shelv.entitlements;
				CODE_SIGN_STYLE = Automatic;
				CURRENT_PROJECT_VERSION = 1;
				DEAD_CODE_STRIPPING = YES;
				DEVELOPMENT_TEAM = 7CZP946PWR;
				ENABLE_APP_SANDBOX = YES;
				ENABLE_HARDENED_RUNTIME = YES;
				ENABLE_PREVIEWS = YES;
				ENABLE_USER_SELECTED_FILES = readonly;
				GENERATE_INFOPLIST_FILE = YES;
				INFOPLIST_FILE = Info.plist;
				INFOPLIST_KEY_CFBundleDisplayName = Shelv;
				INFOPLIST_KEY_LSApplicationCategoryType = "public.app-category.music";
				"INFOPLIST_KEY_UIApplicationSceneManifest_Generation[sdk=iphoneos*]" = NO;
				"INFOPLIST_KEY_UIApplicationSceneManifest_Generation[sdk=iphonesimulator*]" = NO;
				"INFOPLIST_KEY_UIApplicationSupportsIndirectInputEvents[sdk=iphoneos*]" = YES;
				"INFOPLIST_KEY_UIApplicationSupportsIndirectInputEvents[sdk=iphonesimulator*]" = YES;
				"INFOPLIST_KEY_UILaunchScreen_Generation[sdk=iphoneos*]" = YES;
				"INFOPLIST_KEY_UILaunchScreen_Generation[sdk=iphonesimulator*]" = YES;
				"INFOPLIST_KEY_UIStatusBarStyle[sdk=iphoneos*]" = UIStatusBarStyleDefault;
				"INFOPLIST_KEY_UIStatusBarStyle[sdk=iphonesimulator*]" = UIStatusBarStyleDefault;
				INFOPLIST_KEY_UISupportedInterfaceOrientations = UIInterfaceOrientationPortrait;
				INFOPLIST_KEY_UISupportedInterfaceOrientations_iPad = "UIInterfaceOrientationLandscapeLeft UIInterfaceOrientationLandscapeRight UIInterfaceOrientationPortrait UIInterfaceOrientationPortraitUpsideDown";
				IPHONEOS_DEPLOYMENT_TARGET = 18.0;
				LD_RUNPATH_SEARCH_PATHS = "@executable_path/Frameworks";
				"LD_RUNPATH_SEARCH_PATHS[sdk=macosx*]" = "@executable_path/../Frameworks";
				MACOSX_DEPLOYMENT_TARGET = 26.4;
				MARKETING_VERSION = 1.5;
				PRODUCT_BUNDLE_IDENTIFIER = ch.vkugler.Shelv;
				PRODUCT_NAME = "$(TARGET_NAME)";
				REGISTER_APP_GROUPS = YES;
				SDKROOT = auto;
				STRING_CATALOG_GENERATE_SYMBOLS = YES;
				SUPPORTED_PLATFORMS = "iphoneos iphonesimulator";
				SUPPORTS_MACCATALYST = NO;
				SWIFT_APPROACHABLE_CONCURRENCY = YES;
				SWIFT_DEFAULT_ACTOR_ISOLATION = MainActor;
				SWIFT_EMIT_LOC_STRINGS = YES;
				SWIFT_UPCOMING_FEATURE_MEMBER_IMPORT_VISIBILITY = YES;
				SWIFT_VERSION = 5.0;
				TARGETED_DEVICE_FAMILY = "1,2";
				XROS_DEPLOYMENT_TARGET = 26.4;
			};
			name = Release;
		};
/* End XCBuildConfiguration section */

/* Begin XCConfigurationList section */
		BC1000092FFE000000000001 /* Build configuration list for PBXNativeTarget "ShelvTests" */ = {
			isa = XCConfigurationList;
			buildConfigurations = (
				BC1000072FFE000000000001 /* Debug */,
				BC1000082FFE000000000001 /* Release */,
			);
			defaultConfigurationIsVisible = 0;
			defaultConfigurationName = Release;
		};
		BC2000092FFE000000000001 /* Build configuration list for PBXNativeTarget "ShelvAppIntentsUITests" */ = {
			isa = XCConfigurationList;
			buildConfigurations = (
				BC2000072FFE000000000001 /* Debug */,
				BC2000082FFE000000000001 /* Release */,
			);
			defaultConfigurationIsVisible = 0;
			defaultConfigurationName = Release;
		};
		BC51161B2FDC8A6A0011CDE9 /* Build configuration list for PBXNativeTarget "Shelv TV" */ = {
			isa = XCConfigurationList;
			buildConfigurations = (
				BC5116192FDC8A6A0011CDE9 /* Debug */,
				BC51161A2FDC8A6A0011CDE9 /* Release */,
			);
			defaultConfigurationIsVisible = 0;
			defaultConfigurationName = Release;
		};
		BC5A00112FFF000000000001 /* Build configuration list for PBXNativeTarget "Shelv TV Siri Extension" */ = {
			isa = XCConfigurationList;
			buildConfigurations = (
				BC5A00122FFF000000000001 /* Debug */,
				BC5A00132FFF000000000001 /* Release */,
			);
			defaultConfigurationIsVisible = 0;
			defaultConfigurationName = Release;
		};
		BC7B83FF2FDB17700058CB78 /* Build configuration list for PBXNativeTarget "Shelv Mac" */ = {
			isa = XCConfigurationList;
			buildConfigurations = (
				BC7B83FD2FDB17700058CB78 /* Debug */,
				BC7B83FE2FDB17700058CB78 /* Release */,
			);
			defaultConfigurationIsVisible = 0;
			defaultConfigurationName = Release;
		};
		BC9C59332F8E9FB000FF4D25 /* Build configuration list for PBXProject "Shelv" */ = {
			isa = XCConfigurationList;
			buildConfigurations = (
				BC9C59412F8E9FB100FF4D25 /* Debug */,
				BC9C59422F8E9FB100FF4D25 /* Release */,
			);
			defaultConfigurationIsVisible = 0;
			defaultConfigurationName = Release;
		};
		BC9C59432F8E9FB100FF4D25 /* Build configuration list for PBXNativeTarget "Shelv" */ = {
			isa = XCConfigurationList;
			buildConfigurations = (
				BC9C59442F8E9FB100FF4D25 /* Debug */,
				BC9C59452F8E9FB100FF4D25 /* Release */,
			);
			defaultConfigurationIsVisible = 0;
			defaultConfigurationName = Release;
		};
/* End XCConfigurationList section */

/* Begin XCRemoteSwiftPackageReference section */
		BC1867E32F91A088006D96E2 /* XCRemoteSwiftPackageReference "GRDB" */ = {
			isa = XCRemoteSwiftPackageReference;
			repositoryURL = "https://github.com/groue/GRDB.swift";
			requirement = {
				kind = exactVersion;
				version = 7.10.0;
			};
		};
/* End XCRemoteSwiftPackageReference section */

/* Begin XCSwiftPackageProductDependency section */
		BC10000D2FFE000000000001 /* GRDB */ = {
			isa = XCSwiftPackageProductDependency;
			package = BC1867E32F91A088006D96E2 /* XCRemoteSwiftPackageReference "GRDB" */;
			productName = GRDB;
		};
		BC1867E42F91A088006D96E2 /* GRDB */ = {
			isa = XCSwiftPackageProductDependency;
			package = BC1867E32F91A088006D96E2 /* XCRemoteSwiftPackageReference "GRDB" */;
			productName = GRDB;
		};
		BC51161C2FDC8A850011CDE9 /* GRDB */ = {
			isa = XCSwiftPackageProductDependency;
			package = BC1867E32F91A088006D96E2 /* XCRemoteSwiftPackageReference "GRDB" */;
			productName = GRDB;
		};
		BC7B84A62FDB17F90058CB78 /* GRDB */ = {
			isa = XCSwiftPackageProductDependency;
			package = BC1867E32F91A088006D96E2 /* XCRemoteSwiftPackageReference "GRDB" */;
			productName = GRDB;
		};
/* End XCSwiftPackageProductDependency section */
	};
	rootObject = BC9C59302F8E9FB000FF4D25 /* Project object */;
}
